
Microsoft Visual Studio Solution File, Format Version 12.00
# Visual Studio 15
VisualStudioVersion = 15.0.28010.2016
MinimumVisualStudioVersion = 10.0.40219.1
Project("{FAE04EC0-301F-11D3-BF4B-00C04F79EFBC}") = "Service", "Service\Service.csproj", "{CE0CBEFE-BC76-46B8-9EAB-22EB8D488311}"
EndProject
Project("{FAE04EC0-301F-11D3-BF4B-00C04F79EFBC}") = "Domain", "Domain\Domain.csproj", "{1ED20374-1D36-4E8C-A975-0D26229BD307}"
EndProject
Project("{FAE04EC0-301F-11D3-BF4B-00C04F79EFBC}") = "Dal", "Dal\Dal.csproj", "{FE75EEF8-6743-41E8-A7A3-CAEC3DB9662B}"
EndProject
Project("{FAE04EC0-301F-11D3-BF4B-00C04F79EFBC}") = "Bll", "BLL\Bll.csproj", "{3D2BC664-715F-4B52-95D1-FFCA95E45E78}"
EndProject
Project("{FAE04EC0-301F-11D3-BF4B-00C04F79EFBC}") = "Core", "Core\Core.csproj", "{CF144037-0BCB-4B89-B0A3-FB6FE920B189}"
EndProject
Global
	GlobalSection(SolutionConfigurationPlatforms) = preSolution
		Debug|Any CPU = Debug|Any CPU
		Release|Any CPU = Release|Any CPU
	EndGlobalSection
	GlobalSection(ProjectConfigurationPlatforms) = postSolution
		{CE0CBEFE-BC76-46B8-9EAB-22EB8D488311}.Debug|Any CPU.ActiveCfg = Debug|Any CPU
		{CE0CBEFE-BC76-46B8-9EAB-22EB8D488311}.Debug|Any CPU.Build.0 = Debug|Any CPU
		{CE0CBEFE-BC76-46B8-9EAB-22EB8D488311}.Release|Any CPU.ActiveCfg = Release|Any CPU
		{CE0CBEFE-BC76-46B8-9EAB-22EB8D488311}.Release|Any CPU.Build.0 = Release|Any CPU
		{1ED20374-1D36-4E8C-A975-0D26229BD307}.Debug|Any CPU.ActiveCfg = Debug|Any CPU
		{1ED20374-1D36-4E8C-A975-0D26229BD307}.Debug|Any CPU.Build.0 = Debug|Any CPU
		{1ED20374-1D36-4E8C-A975-0D26229BD307}.Release|Any CPU.ActiveCfg = Release|Any CPU
		{1ED20374-1D36-4E8C-A975-0D26229BD307}.Release|Any CPU.Build.0 = Release|Any CPU
		{FE75EEF8-6743-41E8-A7A3-CAEC3DB9662B}.Debug|Any CPU.ActiveCfg = Debug|Any CPU
		{FE75EEF8-6743-41E8-A7A3-CAEC3DB9662B}.Debug|Any CPU.Build.0 = Debug|Any CPU
		{FE75EEF8-6743-41E8-A7A3-CAEC3DB9662B}.Release|Any CPU.ActiveCfg = Release|Any CPU
		{FE75EEF8-6743-41E8-A7A3-CAEC3DB9662B}.Release|Any CPU.Build.0 = Release|Any CPU
		{3D2BC664-715F-4B52-95D1-FFCA95E45E78}.Debug|Any CPU.ActiveCfg = Debug|Any CPU
		{3D2BC664-715F-4B52-95D1-FFCA95E45E78}.Debug|Any CPU.Build.0 = Debug|Any CPU
		{3D2BC664-715F-4B52-95D1-FFCA95E45E78}.Release|Any CPU.ActiveCfg = Release|Any CPU
		{3D2BC664-715F-4B52-95D1-FFCA95E45E78}.Release|Any CPU.Build.0 = Release|Any CPU
		{CF144037-0BCB-4B89-B0A3-FB6FE920B189}.Debug|Any CPU.ActiveCfg = Debug|Any CPU
		{CF144037-0BCB-4B89-B0A3-FB6FE920B189}.Debug|Any CPU.Build.0 = Debug|Any CPU
		{CF144037-0BCB-4B89-B0A3-FB6FE920B189}.Release|Any CPU.ActiveCfg = Release|Any CPU
		{CF144037-0BCB-4B89-B0A3-FB6FE920B189}.Release|Any CPU.Build.0 = Release|Any CPU
	EndGlobalSection
	GlobalSection(SolutionProperties) = preSolution
		HideSolutionNode = FALSE
	EndGlobalSection
	GlobalSection(ExtensibilityGlobals) = postSolution
		SolutionGuid = {4C3DAC57-8E50-4423-9591-2993BA5FA967}
	EndGlobalSection
EndGlobal
